
Microsoft Visual Studio Solution File, Format Version 12.00
# Visual Studio 15
VisualStudioVersion = 15.0.28307.757
MinimumVisualStudioVersion = 10.0.40219.1
Project("{FAE04EC0-301F-11D3-BF4B-00C04F79EFBC}") = "VuforiaScripts", "VuforiaScripts.csproj", "{F72E342B-45E6-1748-2DC2-878DFEB76D2A}"
EndProject
Project("{FAE04EC0-301F-11D3-BF4B-00C04F79EFBC}") = "VuforiaEditorScripts", "VuforiaEditorScripts.csproj", "{D897D4DD-7507-908C-67BC-BC25623D4FB3}"
EndProject
Global
	GlobalSection(SolutionConfigurationPlatforms) = preSolution
		Debug|Any CPU = Debug|Any CPU
		Release|Any CPU = Release|Any CPU
	EndGlobalSection
	GlobalSection(ProjectConfigurationPlatforms) = postSolution
		{F72E342B-45E6-1748-2DC2-878DFEB76D2A}.Debug|Any CPU.ActiveCfg = Debug|Any CPU
		{F72E342B-45E6-1748-2DC2-878DFEB76D2A}.Debug|Any CPU.Build.0 = Debug|Any CPU
		{F72E342B-45E6-1748-2DC2-878DFEB76D2A}.Release|Any CPU.ActiveCfg = Release|Any CPU
		{F72E342B-45E6-1748-2DC2-878DFEB76D2A}.Release|Any CPU.Build.0 = Release|Any CPU
		{D897D4DD-7507-908C-67BC-BC25623D4FB3}.Debug|Any CPU.ActiveCfg = Debug|Any CPU
		{D897D4DD-7507-908C-67BC-BC25623D4FB3}.Debug|Any CPU.Build.0 = Debug|Any CPU
		{D897D4DD-7507-908C-67BC-BC25623D4FB3}.Release|Any CPU.ActiveCfg = Release|Any CPU
		{D897D4DD-7507-908C-67BC-BC25623D4FB3}.Release|Any CPU.Build.0 = Release|Any CPU
	EndGlobalSection
	GlobalSection(SolutionProperties) = preSolution
		HideSolutionNode = FALSE
	EndGlobalSection
	GlobalSection(ExtensibilityGlobals) = postSolution
		SolutionGuid = {C54C9D7D-2989-401B-BBDC-B969679A8B3E}
	EndGlobalSection
EndGlobal
